// !$*UTF8*$!
{
	archiveVersion = 1;
	classes = {
	};
	objectVersion = 77;
	objects = {

/* Begin PBXBuildFile section */
		481CC84C2ECD995E009F969C /* PanelLayoutKit in Frameworks */ = {isa = PBXBuildFile; productRef = 481CC84B2ECD995E009F969C /* PanelLayoutKit */; };
		482F3D712EFADA4500B33236 /* SystemConfiguration.framework in Frameworks */ = {isa = PBXBuildFile; fileRef = 482F3D702EFADA4500B33236 /* SystemConfiguration.framework */; };
		48979A022EE6B451006ECB59 /* SocketIO in Frameworks */ = {isa = PBXBuildFile; productRef = 48979A012EE6B451006ECB59 /* SocketIO */; };
/* End PBXBuildFile section */

/* Begin PBXContainerItemProxy section */
		481CC2C92EC7B633009F969C /* PBXContainerItemProxy */ = {
			isa = PBXContainerItemProxy;
			containerPortal = 481CC2B12EC7B632009F969C /* Project object */;
			proxyType = 1;
			remoteGlobalIDString = 481CC2B82EC7B632009F969C;
			remoteInfo = ETerm;
		};
		481CC2D32EC7B633009F969C /* PBXContainerItemProxy */ = {
			isa = PBXContainerItemProxy;
			containerPortal = 481CC2B12EC7B632009F969C /* Project object */;
			proxyType = 1;
			remoteGlobalIDString = 481CC2B82EC7B632009F969C;
			remoteInfo = ETerm;
		};
/* End PBXContainerItemProxy section */

/* Begin PBXFileReference section */
		481CC2B92EC7B632009F969C /* ETerm.app */ = {isa = PBXFileReference; explicitFileType = wrapper.application; includeInIndex = 0; path = ETerm.app; sourceTree = BUILT_PRODUCTS_DIR; };
		481CC2C82EC7B633009F969C /* ETermTests.xctest */ = {isa = PBXFileReference; explicitFileType = wrapper.cfbundle; includeInIndex = 0; path = ETermTests.xctest; sourceTree = BUILT_PRODUCTS_DIR; };
		481CC2D22EC7B633009F969C /* ETermUITests.xctest */ = {isa = PBXFileReference; explicitFileType = wrapper.cfbundle; includeInIndex = 0; path = ETermUITests.xctest; sourceTree = BUILT_PRODUCTS_DIR; };
		482F3D702EFADA4500B33236 /* SystemConfiguration.framework */ = {isa = PBXFileReference; lastKnownFileType = wrapper.framework; name = SystemConfiguration.framework; path = System/Library/Frameworks/SystemConfiguration.framework; sourceTree = SDKROOT; };
/* End PBXFileReference section */

/* Begin PBXFileSystemSynchronizedBuildFileExceptionSet section */
		48260BBF2ED71F8100BF7A18 /* Exceptions for "ETerm" folder in "ETerm" target */ = {
			isa = PBXFileSystemSynchronizedBuildFileExceptionSet;
			membershipExceptions = (
				Info.plist,
			);
			target = 481CC2B82EC7B632009F969C /* ETerm */;
		};
/* End PBXFileSystemSynchronizedBuildFileExceptionSet section */

/* Begin PBXFileSystemSynchronizedRootGroup section */
		481CC2BB2EC7B632009F969C /* ETerm */ = {
			isa = PBXFileSystemSynchronizedRootGroup;
			exceptions = (
				48260BBF2ED71F8100BF7A18 /* Exceptions for "ETerm" folder in "ETerm" target */,
			);
			path = ETerm;
			sourceTree = "<group>";
		};
		481CC2CB2EC7B633009F969C /* ETermTests */ = {
			isa = PBXFileSystemSynchronizedRootGroup;
			path = ETermTests;
			sourceTree = "<group>";
		};
		481CC2D52EC7B633009F969C /* ETermUITests */ = {
			isa = PBXFileSystemSynchronizedRootGroup;
			path = ETermUITests;
			sourceTree = "<group>";
		};
/* End PBXFileSystemSynchronizedRootGroup section */

/* Begin PBXFrameworksBuildPhase section */
		481CC2B62EC7B632009F969C /* Frameworks */ = {
			isa = PBXFrameworksBuildPhase;
			buildActionMask = 2147483647;
			files = (
				482F3D712EFADA4500B33236 /* SystemConfiguration.framework in Frameworks */,
				481CC84C2ECD995E009F969C /* PanelLayoutKit in Frameworks */,
				48979A022EE6B451006ECB59 /* SocketIO in Frameworks */,
			);
			runOnlyForDeploymentPostprocessing = 0;
		};
		481CC2C52EC7B633009F969C /* Frameworks */ = {
			isa = PBXFrameworksBuildPhase;
			buildActionMask = 2147483647;
			files = (
			);
			runOnlyForDeploymentPostprocessing = 0;
		};
		481CC2CF2EC7B633009F969C /* Frameworks */ = {
			isa = PBXFrameworksBuildPhase;
			buildActionMask = 2147483647;
			files = (
			);
			runOnlyForDeploymentPostprocessing = 0;
		};
/* End PBXFrameworksBuildPhase section */

/* Begin PBXGroup section */
		481CC2B02EC7B632009F969C = {
			isa = PBXGroup;
			children = (
				481CC2BB2EC7B632009F969C /* ETerm */,
				481CC2CB2EC7B633009F969C /* ETermTests */,
				481CC2D52EC7B633009F969C /* ETermUITests */,
				481CC2E62EC7B6A5009F969C /* Frameworks */,
				481CC2BA2EC7B632009F969C /* Products */,
			);
			sourceTree = "<group>";
		};
		481CC2BA2EC7B632009F969C /* Products */ = {
			isa = PBXGroup;
			children = (
				481CC2B92EC7B632009F969C /* ETerm.app */,
				481CC2C82EC7B633009F969C /* ETermTests.xctest */,
				481CC2D22EC7B633009F969C /* ETermUITests.xctest */,
			);
			name = Products;
			sourceTree = "<group>";
		};
		481CC2E62EC7B6A5009F969C /* Frameworks */ = {
			isa = PBXGroup;
			children = (
				482F3D702EFADA4500B33236 /* SystemConfiguration.framework */,
			);
			name = Frameworks;
			sourceTree = "<group>";
		};
/* End PBXGroup section */

/* Begin PBXNativeTarget section */
		481CC2B82EC7B632009F969C /* ETerm */ = {
			isa = PBXNativeTarget;
			buildConfigurationList = 481CC2DC2EC7B633009F969C /* Build configuration list for PBXNativeTarget "ETerm" */;
			buildPhases = (
				481CC2B52EC7B632009F969C /* Sources */,
				481CC2B62EC7B632009F969C /* Frameworks */,
				481CC2B72EC7B632009F969C /* Resources */,
			);
			buildRules = (
			);
			dependencies = (
			);
			fileSystemSynchronizedGroups = (
				481CC2BB2EC7B632009F969C /* ETerm */,
			);
			name = ETerm;
			packageProductDependencies = (
				481CC84B2ECD995E009F969C /* PanelLayoutKit */,
				48979A012EE6B451006ECB59 /* SocketIO */,
			);
			productName = ETerm;
			productReference = 481CC2B92EC7B632009F969C /* ETerm.app */;
			productType = "com.apple.product-type.application";
		};
		481CC2C72EC7B633009F969C /* ETermTests */ = {
			isa = PBXNativeTarget;
			buildConfigurationList = 481CC2DF2EC7B633009F969C /* Build configuration list for PBXNativeTarget "ETermTests" */;
			buildPhases = (
				481CC2C42EC7B633009F969C /* Sources */,
				481CC2C52EC7B633009F969C /* Frameworks */,
				481CC2C62EC7B633009F969C /* Resources */,
			);
			buildRules = (
			);
			dependencies = (
				481CC2CA2EC7B633009F969C /* PBXTargetDependency */,
			);
			fileSystemSynchronizedGroups = (
				481CC2CB2EC7B633009F969C /* ETermTests */,
			);
			name = ETermTests;
			packageProductDependencies = (
			);
			productName = ETermTests;
			productReference = 481CC2C82EC7B633009F969C /* ETermTests.xctest */;
			productType = "com.apple.product-type.bundle.unit-test";
		};
		481CC2D12EC7B633009F969C /* ETermUITests */ = {
			isa = PBXNativeTarget;
			buildConfigurationList = 481CC2E22EC7B633009F969C /* Build configuration list for PBXNativeTarget "ETermUITests" */;
			buildPhases = (
				481CC2CE2EC7B633009F969C /* Sources */,
				481CC2CF2EC7B633009F969C /* Frameworks */,
				481CC2D02EC7B633009F969C /* Resources */,
			);
			buildRules = (
			);
			dependencies = (
				481CC2D42EC7B633009F969C /* PBXTargetDependency */,
			);
			fileSystemSynchronizedGroups = (
				481CC2D52EC7B633009F969C /* ETermUITests */,
			);
			name = ETermUITests;
			packageProductDependencies = (
			);
			productName = ETermUITests;
			productReference = 481CC2D22EC7B633009F969C /* ETermUITests.xctest */;
			productType = "com.apple.product-type.bundle.ui-testing";
		};
/* End PBXNativeTarget section */

/* Begin PBXProject section */
		481CC2B12EC7B632009F969C /* Project object */ = {
			isa = PBXProject;
			attributes = {
				BuildIndependentTargetsInParallel = 1;
				LastSwiftUpdateCheck = 2600;
				LastUpgradeCheck = 2600;
				TargetAttributes = {
					481CC2B82EC7B632009F969C = {
						CreatedOnToolsVersion = 26.0.1;
					};
					481CC2C72EC7B633009F969C = {
						CreatedOnToolsVersion = 26.0.1;
						TestTargetID = 481CC2B82EC7B632009F969C;
					};
					481CC2D12EC7B633009F969C = {
						CreatedOnToolsVersion = 26.0.1;
						TestTargetID = 481CC2B82EC7B632009F969C;
					};
				};
			};
			buildConfigurationList = 481CC2B42EC7B632009F969C /* Build configuration list for PBXProject "ETerm" */;
			developmentRegion = "zh-Hans";
			hasScannedForEncodings = 0;
			knownRegions = (
				en,
				Base,
				"zh-Hans",
			);
			mainGroup = 481CC2B02EC7B632009F969C;
			minimizedProjectReferenceProxies = 1;
			packageReferences = (
				481CC84A2ECD9922009F969C /* XCLocalSwiftPackageReference "../Packages/PanelLayoutKit" */,
				48979A002EE6B3EC006ECB59 /* XCRemoteSwiftPackageReference "socket" */,
			);
			preferredProjectObjectVersion = 77;
			productRefGroup = 481CC2BA2EC7B632009F969C /* Products */;
			projectDirPath = "";
			projectRoot = "";
			targets = (
				481CC2B82EC7B632009F969C /* ETerm */,
				481CC2C72EC7B633009F969C /* ETermTests */,
				481CC2D12EC7B633009F969C /* ETermUITests */,
			);
		};
/* End PBXProject section */

/* Begin PBXResourcesBuildPhase section */
		481CC2B72EC7B632009F969C /* Resources */ = {
			isa = PBXResourcesBuildPhase;
			buildActionMask = 2147483647;
			files = (
			);
			runOnlyForDeploymentPostprocessing = 0;
		};
		481CC2C62EC7B633009F969C /* Resources */ = {
			isa = PBXResourcesBuildPhase;
			buildActionMask = 2147483647;
			files = (
			);
			runOnlyForDeploymentPostprocessing = 0;
		};
		481CC2D02EC7B633009F969C /* Resources */ = {
			isa = PBXResourcesBuildPhase;
			buildActionMask = 2147483647;
			files = (
			);
			runOnlyForDeploymentPostprocessing = 0;
		};
/* End PBXResourcesBuildPhase section */

/* Begin PBXSourcesBuildPhase section */
		481CC2B52EC7B632009F969C /* Sources */ = {
			isa = PBXSourcesBuildPhase;
			buildActionMask = 2147483647;
			files = (
			);
			runOnlyForDeploymentPostprocessing = 0;
		};
		481CC2C42EC7B633009F969C /* Sources */ = {
			isa = PBXSourcesBuildPhase;
			buildActionMask = 2147483647;
			files = (
			);
			runOnlyForDeploymentPostprocessing = 0;
		};
		481CC2CE2EC7B633009F969C /* Sources */ = {
			isa = PBXSourcesBuildPhase;
			buildActionMask = 2147483647;
			files = (
			);
			runOnlyForDeploymentPostprocessing = 0;
		};
/* End PBXSourcesBuildPhase section */

/* Begin PBXTargetDependency section */
		481CC2CA2EC7B633009F969C /* PBXTargetDependency */ = {
			isa = PBXTargetDependency;
			target = 481CC2B82EC7B632009F969C /* ETerm */;
			targetProxy = 481CC2C92EC7B633009F969C /* PBXContainerItemProxy */;
		};
		481CC2D42EC7B633009F969C /* PBXTargetDependency */ = {
			isa = PBXTargetDependency;
			target = 481CC2B82EC7B632009F969C /* ETerm */;
			targetProxy = 481CC2D32EC7B633009F969C /* PBXContainerItemProxy */;
		};
/* End PBXTargetDependency section */

/* Begin XCBuildConfiguration section */
		481CC2DA2EC7B633009F969C /* Debug */ = {
			isa = XCBuildConfiguration;
			buildSettings = {
				ALWAYS_SEARCH_USER_PATHS = NO;
				ASSETCATALOG_COMPILER_GENERATE_SWIFT_ASSET_SYMBOL_EXTENSIONS = YES;
				CLANG_ANALYZER_NONNULL = YES;
				CLANG_ANALYZER_NUMBER_OBJECT_CONVERSION = YES_AGGRESSIVE;
				CLANG_CXX_LANGUAGE_STANDARD = "gnu++20";
				CLANG_ENABLE_MODULES = YES;
				CLANG_ENABLE_OBJC_ARC = YES;
				CLANG_ENABLE_OBJC_WEAK = YES;
				CLANG_WARN_BLOCK_CAPTURE_AUTORELEASING = YES;
				CLANG_WARN_BOOL_CONVERSION = YES;
				CLANG_WARN_COMMA = YES;
				CLANG_WARN_CONSTANT_CONVERSION = YES;
				CLANG_WARN_DEPRECATED_OBJC_IMPLEMENTATIONS = YES;
				CLANG_WARN_DIRECT_OBJC_ISA_USAGE = YES_ERROR;
				CLANG_WARN_DOCUMENTATION_COMMENTS = YES;
				CLANG_WARN_EMPTY_BODY = YES;
				CLANG_WARN_ENUM_CONVERSION = YES;
				CLANG_WARN_INFINITE_RECURSION = YES;
				CLANG_WARN_INT_CONVERSION = YES;
				CLANG_WARN_NON_LITERAL_NULL_CONVERSION = YES;
				CLANG_WARN_OBJC_IMPLICIT_RETAIN_SELF = YES;
				CLANG_WARN_OBJC_LITERAL_CONVERSION = YES;
				CLANG_WARN_OBJC_ROOT_CLASS = YES_ERROR;
				CLANG_WARN_QUOTED_INCLUDE_IN_FRAMEWORK_HEADER = YES;
				CLANG_WARN_RANGE_LOOP_ANALYSIS = YES;
				CLANG_WARN_STRICT_PROTOTYPES = YES;
				CLANG_WARN_SUSPICIOUS_MOVE = YES;
				CLANG_WARN_UNGUARDED_AVAILABILITY = YES_AGGRESSIVE;
				CLANG_WARN_UNREACHABLE_CODE = YES;
				CLANG_WARN__DUPLICATE_METHOD_MATCH = YES;
				COPY_PHASE_STRIP = NO;
				DEBUG_INFORMATION_FORMAT = dwarf;
				DEVELOPMENT_TEAM = K7T2J28754;
				ENABLE_STRICT_OBJC_MSGSEND = YES;
				ENABLE_TESTABILITY = YES;
				ENABLE_USER_SCRIPT_SANDBOXING = YES;
				GCC_C_LANGUAGE_STANDARD = gnu17;
				GCC_DYNAMIC_NO_PIC = NO;
				GCC_NO_COMMON_BLOCKS = YES;
				GCC_OPTIMIZATION_LEVEL = 0;
				GCC_PREPROCESSOR_DEFINITIONS = (
					"DEBUG=1",
					"$(inherited)",
				);
				GCC_WARN_64_TO_32_BIT_CONVERSION = YES;
				GCC_WARN_ABOUT_RETURN_TYPE = YES_ERROR;
				GCC_WARN_UNDECLARED_SELECTOR = YES;
				GCC_WARN_UNINITIALIZED_AUTOS = YES_AGGRESSIVE;
				GCC_WARN_UNUSED_FUNCTION = YES;
				GCC_WARN_UNUSED_VARIABLE = YES;
				LOCALIZATION_PREFERS_STRING_CATALOGS = YES;
				MACOSX_DEPLOYMENT_TARGET = 26.0;
				MTL_ENABLE_DEBUG_INFO = INCLUDE_SOURCE;
				MTL_FAST_MATH = YES;
				ONLY_ACTIVE_ARCH = YES;
				SDKROOT = macosx;
				SWIFT_ACTIVE_COMPILATION_CONDITIONS = "DEBUG $(inherited)";
				SWIFT_EMIT_LOC_STRINGS = YES;
				SWIFT_OPTIMIZATION_LEVEL = "-Onone";
			};
			name = Debug;
		};
		481CC2DB2EC7B633009F969C /* Release */ = {
			isa = XCBuildConfiguration;
			buildSettings = {
				ALWAYS_SEARCH_USER_PATHS = NO;
				ASSETCATALOG_COMPILER_GENERATE_SWIFT_ASSET_SYMBOL_EXTENSIONS = YES;
				CLANG_ANALYZER_NONNULL = YES;
				CLANG_ANALYZER_NUMBER_OBJECT_CONVERSION = YES_AGGRESSIVE;
				CLANG_CXX_LANGUAGE_STANDARD = "gnu++20";
				CLANG_ENABLE_MODULES = YES;
				CLANG_ENABLE_OBJC_ARC = YES;
				CLANG_ENABLE_OBJC_WEAK = YES;
				CLANG_WARN_BLOCK_CAPTURE_AUTORELEASING = YES;
				CLANG_WARN_BOOL_CONVERSION = YES;
				CLANG_WARN_COMMA = YES;
				CLANG_WARN_CONSTANT_CONVERSION = YES;
				CLANG_WARN_DEPRECATED_OBJC_IMPLEMENTATIONS = YES;
				CLANG_WARN_DIRECT_OBJC_ISA_USAGE = YES_ERROR;
				CLANG_WARN_DOCUMENTATION_COMMENTS = YES;
				CLANG_WARN_EMPTY_BODY = YES;
				CLANG_WARN_ENUM_CONVERSION = YES;
				CLANG_WARN_INFINITE_RECURSION = YES;
				CLANG_WARN_INT_CONVERSION = YES;
				CLANG_WARN_NON_LITERAL_NULL_CONVERSION = YES;
				CLANG_WARN_OBJC_IMPLICIT_RETAIN_SELF = YES;
				CLANG_WARN_OBJC_LITERAL_CONVERSION = YES;
				CLANG_WARN_OBJC_ROOT_CLASS = YES_ERROR;
				CLANG_WARN_QUOTED_INCLUDE_IN_FRAMEWORK_HEADER = YES;
				CLANG_WARN_RANGE_LOOP_ANALYSIS = YES;
				CLANG_WARN_STRICT_PROTOTYPES = YES;
				CLANG_WARN_SUSPICIOUS_MOVE = YES;
				CLANG_WARN_UNGUARDED_AVAILABILITY = YES_AGGRESSIVE;
				CLANG_WARN_UNREACHABLE_CODE = YES;
				CLANG_WARN__DUPLICATE_METHOD_MATCH = YES;
				COPY_PHASE_STRIP = NO;
				DEBUG_INFORMATION_FORMAT = "dwarf-with-dsym";
				DEVELOPMENT_TEAM = K7T2J28754;
				ENABLE_NS_ASSERTIONS = NO;
				ENABLE_STRICT_OBJC_MSGSEND = YES;
				ENABLE_USER_SCRIPT_SANDBOXING = YES;
				GCC_C_LANGUAGE_STANDARD = gnu17;
				GCC_NO_COMMON_BLOCKS = YES;
				GCC_WARN_64_TO_32_BIT_CONVERSION = YES;
				GCC_WARN_ABOUT_RETURN_TYPE = YES_ERROR;
				GCC_WARN_UNDECLARED_SELECTOR = YES;
				GCC_WARN_UNINITIALIZED_AUTOS = YES_AGGRESSIVE;
				GCC_WARN_UNUSED_FUNCTION = YES;
				GCC_WARN_UNUSED_VARIABLE = YES;
				LOCALIZATION_PREFERS_STRING_CATALOGS = YES;
				MACOSX_DEPLOYMENT_TARGET = 26.0;
				MTL_ENABLE_DEBUG_INFO = NO;
				MTL_FAST_MATH = YES;
				SDKROOT = macosx;
				SWIFT_COMPILATION_MODE = wholemodule;
				SWIFT_EMIT_LOC_STRINGS = YES;
			};
			name = Release;
		};
		481CC2DD2EC7B633009F969C /* Debug */ = {
			isa = XCBuildConfiguration;
			buildSettings = {
				ASSETCATALOG_COMPILER_APPICON_NAME = AppIcon;
				ASSETCATALOG_COMPILER_GLOBAL_ACCENT_COLOR_NAME = AccentColor;
				"CODE_SIGN_IDENTITY[sdk=macosx*]" = "-";
				CODE_SIGN_STYLE = Automatic;
				COMBINE_HIDPI_IMAGES = YES;
				CURRENT_PROJECT_VERSION = 1;
				DEVELOPMENT_TEAM = K7T2J28754;
				ENABLE_APP_SANDBOX = NO;
				ENABLE_HARDENED_RUNTIME = YES;
				ENABLE_INCOMING_NETWORK_CONNECTIONS = YES;
				ENABLE_OUTGOING_NETWORK_CONNECTIONS = YES;
				ENABLE_PREVIEWS = YES;
				ENABLE_RESOURCE_ACCESS_AUDIO_INPUT = NO;
				ENABLE_RESOURCE_ACCESS_BLUETOOTH = NO;
				ENABLE_RESOURCE_ACCESS_CALENDARS = NO;
				ENABLE_RESOURCE_ACCESS_CAMERA = NO;
				ENABLE_RESOURCE_ACCESS_CONTACTS = NO;
				ENABLE_RESOURCE_ACCESS_LOCATION = NO;
				ENABLE_RESOURCE_ACCESS_PRINTING = NO;
				ENABLE_RESOURCE_ACCESS_USB = NO;
				ENABLE_USER_SELECTED_FILES = readonly;
				GENERATE_INFOPLIST_FILE = YES;
				INFOPLIST_FILE = ETerm/Info.plist;
				INFOPLIST_KEY_NSHumanReadableCopyright = "";
				LD_RUNPATH_SEARCH_PATHS = (
					"$(inherited)",
					"@executable_path/../Frameworks",
				);
				LIBRARY_SEARCH_PATHS = (
					"$(inherited)",
					"$(PROJECT_DIR)/ETerm",
					"$(PROJECT_DIR)/ETerm/Core/Terminal/Infrastructure/FFI",
					"$(PROJECT_DIR)/ETerm/Libs/Sugarloaf",
					"$(PROJECT_DIR)/ETerm/Libs",
					"$(PROJECT_DIR)/ETerm/Libs/MCPRouter",
				);
				MARKETING_VERSION = 1.0;
				OTHER_LDFLAGS = (
					"-force_load",
					"$(PROJECT_DIR)/ETerm/Libs/Sugarloaf/libsugarloaf_ffi.a",
					"-framework",
					Carbon,
				);
				PRODUCT_BUNDLE_IDENTIFIER = com.vimo.claude.ETerm;
				PRODUCT_NAME = "$(TARGET_NAME)";
				REGISTER_APP_GROUPS = YES;
				STRING_CATALOG_GENERATE_SYMBOLS = YES;
				SWIFT_APPROACHABLE_CONCURRENCY = YES;
				SWIFT_DEFAULT_ACTOR_ISOLATION = MainActor;
				SWIFT_EMIT_LOC_STRINGS = YES;
				SWIFT_OBJC_BRIDGING_HEADER = "ETerm/ETerm-Bridging-Header.h";
				SWIFT_UPCOMING_FEATURE_MEMBER_IMPORT_VISIBILITY = YES;
				SWIFT_VERSION = 5.0;
			};
			name = Debug;
		};
		481CC2DE2EC7B633009F969C /* Release */ = {
			isa = XCBuildConfiguration;
			buildSettings = {
				ASSETCATALOG_COMPILER_APPICON_NAME = AppIcon;
				ASSETCATALOG_COMPILER_GLOBAL_ACCENT_COLOR_NAME = AccentColor;
				"CODE_SIGN_IDENTITY[sdk=macosx*]" = "-";
				CODE_SIGN_STYLE = Automatic;
				COMBINE_HIDPI_IMAGES = YES;
				CURRENT_PROJECT_VERSION = 1;
				DEVELOPMENT_TEAM = K7T2J28754;
				ENABLE_APP_SANDBOX = NO;
				ENABLE_HARDENED_RUNTIME = YES;
				ENABLE_INCOMING_NETWORK_CONNECTIONS = YES;
				ENABLE_OUTGOING_NETWORK_CONNECTIONS = YES;
				ENABLE_PREVIEWS = YES;
				ENABLE_RESOURCE_ACCESS_AUDIO_INPUT = NO;
				ENABLE_RESOURCE_ACCESS_BLUETOOTH = NO;
				ENABLE_RESOURCE_ACCESS_CALENDARS = NO;
				ENABLE_RESOURCE_ACCESS_CAMERA = NO;
				ENABLE_RESOURCE_ACCESS_CONTACTS = NO;
				ENABLE_RESOURCE_ACCESS_LOCATION = NO;
				ENABLE_RESOURCE_ACCESS_PRINTING = NO;
				ENABLE_RESOURCE_ACCESS_USB = NO;
				ENABLE_USER_SELECTED_FILES = readonly;
				GENERATE_INFOPLIST_FILE = YES;
				INFOPLIST_FILE = ETerm/Info.plist;
				INFOPLIST_KEY_NSHumanReadableCopyright = "";
				LD_RUNPATH_SEARCH_PATHS = (
					"$(inherited)",
					"@executable_path/../Frameworks",
				);
				LIBRARY_SEARCH_PATHS = (
					"$(inherited)",
					"$(PROJECT_DIR)/ETerm",
					"$(PROJECT_DIR)/ETerm/Core/Terminal/Infrastructure/FFI",
					"$(PROJECT_DIR)/ETerm/Libs/Sugarloaf",
					"$(PROJECT_DIR)/ETerm/Libs",
					"$(PROJECT_DIR)/ETerm/Libs/MCPRouter",
				);
				MARKETING_VERSION = 1.0;
				OTHER_LDFLAGS = (
					"-force_load",
					"$(PROJECT_DIR)/ETerm/Libs/Sugarloaf/libsugarloaf_ffi.a",
					"-framework",
					Carbon,
				);
				PRODUCT_BUNDLE_IDENTIFIER = com.vimo.claude.ETerm;
				PRODUCT_NAME = "$(TARGET_NAME)";
				REGISTER_APP_GROUPS = YES;
				STRING_CATALOG_GENERATE_SYMBOLS = YES;
				SWIFT_APPROACHABLE_CONCURRENCY = YES;
				SWIFT_DEFAULT_ACTOR_ISOLATION = MainActor;
				SWIFT_EMIT_LOC_STRINGS = YES;
				SWIFT_OBJC_BRIDGING_HEADER = "ETerm/ETerm-Bridging-Header.h";
				SWIFT_UPCOMING_FEATURE_MEMBER_IMPORT_VISIBILITY = YES;
				SWIFT_VERSION = 5.0;
			};
			name = Release;
		};
		481CC2E02EC7B633009F969C /* Debug */ = {
			isa = XCBuildConfiguration;
			buildSettings = {
				BUNDLE_LOADER = "$(TEST_HOST)";
				CODE_SIGN_STYLE = Automatic;
				CURRENT_PROJECT_VERSION = 1;
				DEVELOPMENT_TEAM = K7T2J28754;
				GENERATE_INFOPLIST_FILE = YES;
				MACOSX_DEPLOYMENT_TARGET = 26.0;
				MARKETING_VERSION = 1.0;
				PRODUCT_BUNDLE_IDENTIFIER = com.vimo.claude.ETermTests;
				PRODUCT_NAME = "$(TARGET_NAME)";
				STRING_CATALOG_GENERATE_SYMBOLS = NO;
				SWIFT_APPROACHABLE_CONCURRENCY = YES;
				SWIFT_EMIT_LOC_STRINGS = NO;
				SWIFT_UPCOMING_FEATURE_MEMBER_IMPORT_VISIBILITY = YES;
				SWIFT_VERSION = 5.0;
				TEST_HOST = "$(BUILT_PRODUCTS_DIR)/ETerm.app/$(BUNDLE_EXECUTABLE_FOLDER_PATH)/ETerm";
			};
			name = Debug;
		};
		481CC2E12EC7B633009F969C /* Release */ = {
			isa = XCBuildConfiguration;
			buildSettings = {
				BUNDLE_LOADER = "$(TEST_HOST)";
				CODE_SIGN_STYLE = Automatic;
				CURRENT_PROJECT_VERSION = 1;
				DEVELOPMENT_TEAM = K7T2J28754;
				GENERATE_INFOPLIST_FILE = YES;
				MACOSX_DEPLOYMENT_TARGET = 26.0;
				MARKETING_VERSION = 1.0;
				PRODUCT_BUNDLE_IDENTIFIER = com.vimo.claude.ETermTests;
				PRODUCT_NAME = "$(TARGET_NAME)";
				STRING_CATALOG_GENERATE_SYMBOLS = NO;
				SWIFT_APPROACHABLE_CONCURRENCY = YES;
				SWIFT_EMIT_LOC_STRINGS = NO;
				SWIFT_UPCOMING_FEATURE_MEMBER_IMPORT_VISIBILITY = YES;
				SWIFT_VERSION = 5.0;
				TEST_HOST = "$(BUILT_PRODUCTS_DIR)/ETerm.app/$(BUNDLE_EXECUTABLE_FOLDER_PATH)/ETerm";
			};
			name = Release;
		};
		481CC2E32EC7B633009F969C /* Debug */ = {
			isa = XCBuildConfiguration;
			buildSettings = {
				CODE_SIGN_STYLE = Automatic;
				CURRENT_PROJECT_VERSION = 1;
				DEVELOPMENT_TEAM = K7T2J28754;
				GENERATE_INFOPLIST_FILE = YES;
				MARKETING_VERSION = 1.0;
				PRODUCT_BUNDLE_IDENTIFIER = com.vimo.claude.ETermUITests;
				PRODUCT_NAME = "$(TARGET_NAME)";
				STRING_CATALOG_GENERATE_SYMBOLS = NO;
				SWIFT_APPROACHABLE_CONCURRENCY = YES;
				SWIFT_EMIT_LOC_STRINGS = NO;
				SWIFT_UPCOMING_FEATURE_MEMBER_IMPORT_VISIBILITY = YES;
				SWIFT_VERSION = 5.0;
				TEST_TARGET_NAME = ETerm;
			};
			name = Debug;
		};
		481CC2E42EC7B633009F969C /* Release */ = {
			isa = XCBuildConfiguration;
			buildSettings = {
				CODE_SIGN_STYLE = Automatic;
				CURRENT_PROJECT_VERSION = 1;
				DEVELOPMENT_TEAM = K7T2J28754;
				GENERATE_INFOPLIST_FILE = YES;
				MARKETING_VERSION = 1.0;
				PRODUCT_BUNDLE_IDENTIFIER = com.vimo.claude.ETermUITests;
				PRODUCT_NAME = "$(TARGET_NAME)";
				STRING_CATALOG_GENERATE_SYMBOLS = NO;
				SWIFT_APPROACHABLE_CONCURRENCY = YES;
				SWIFT_EMIT_LOC_STRINGS = NO;
				SWIFT_UPCOMING_FEATURE_MEMBER_IMPORT_VISIBILITY = YES;
				SWIFT_VERSION = 5.0;
				TEST_TARGET_NAME = ETerm;
			};
			name = Release;
		};
/* End XCBuildConfiguration section */

/* Begin XCConfigurationList section */
		481CC2B42EC7B632009F969C /* Build configuration list for PBXProject "ETerm" */ = {
			isa = XCConfigurationList;
			buildConfigurations = (
				481CC2DA2EC7B633009F969C /* Debug */,
				481CC2DB2EC7B633009F969C /* Release */,
			);
			defaultConfigurationIsVisible = 0;
			defaultConfigurationName = Release;
		};
		481CC2DC2EC7B633009F969C /* Build configuration list for PBXNativeTarget "ETerm" */ = {
			isa = XCConfigurationList;
			buildConfigurations = (
				481CC2DD2EC7B633009F969C /* Debug */,
				481CC2DE2EC7B633009F969C /* Release */,
			);
			defaultConfigurationIsVisible = 0;
			defaultConfigurationName = Release;
		};
		481CC2DF2EC7B633009F969C /* Build configuration list for PBXNativeTarget "ETermTests" */ = {
			isa = XCConfigurationList;
			buildConfigurations = (
				481CC2E02EC7B633009F969C /* Debug */,
				481CC2E12EC7B633009F969C /* Release */,
			);
			defaultConfigurationIsVisible = 0;
			defaultConfigurationName = Release;
		};
		481CC2E22EC7B633009F969C /* Build configuration list for PBXNativeTarget "ETermUITests" */ = {
			isa = XCConfigurationList;
			buildConfigurations = (
				481CC2E32EC7B633009F969C /* Debug */,
				481CC2E42EC7B633009F969C /* Release */,
			);
			defaultConfigurationIsVisible = 0;
			defaultConfigurationName = Release;
		};
/* End XCConfigurationList section */

/* Begin XCLocalSwiftPackageReference section */
		481CC84A2ECD9922009F969C /* XCLocalSwiftPackageReference "../Packages/PanelLayoutKit" */ = {
			isa = XCLocalSwiftPackageReference;
			relativePath = ../Packages/PanelLayoutKit;
		};
/* End XCLocalSwiftPackageReference section */

/* Begin XCRemoteSwiftPackageReference section */
		48979A002EE6B3EC006ECB59 /* XCRemoteSwiftPackageReference "socket" */ = {
			isa = XCRemoteSwiftPackageReference;
			repositoryURL = "https://github.com/socketio/socket.io-client-swift";
			requirement = {
				branch = master;
				kind = branch;
			};
		};
/* End XCRemoteSwiftPackageReference section */

/* Begin XCSwiftPackageProductDependency section */
		481CC84B2ECD995E009F969C /* PanelLayoutKit */ = {
			isa = XCSwiftPackageProductDependency;
			package = 481CC84A2ECD9922009F969C /* XCLocalSwiftPackageReference "../Packages/PanelLayoutKit" */;
			productName = PanelLayoutKit;
		};
		48979A012EE6B451006ECB59 /* SocketIO */ = {
			isa = XCSwiftPackageProductDependency;
			package = 48979A002EE6B3EC006ECB59 /* XCRemoteSwiftPackageReference "socket" */;
			productName = SocketIO;
		};
/* End XCSwiftPackageProductDependency section */
	};
	rootObject = 481CC2B12EC7B632009F969C /* Project object */;
}
